
Microsoft Visual Studio Solution File, Format Version 12.00
# Visual Studio 15
VisualStudioVersion = 15.0.26124.0
MinimumVisualStudioVersion = 15.0.26124.0
Project("{FAE04EC0-301F-11D3-BF4B-00C04F79EFBC}") = "DDD.Application", "DDD.Application\DDD.Application.csproj", "{B26A6D8B-F20F-49BE-A3DE-C75CD3FC7486}"
EndProject
Project("{FAE04EC0-301F-11D3-BF4B-00C04F79EFBC}") = "DDD.Domain", "DDD.Domain\DDD.Domain.csproj", "{218A9437-2458-45FC-AD1D-816F1B5DAD66}"
EndProject
Project("{FAE04EC0-301F-11D3-BF4B-00C04F79EFBC}") = "DDD.Infra.Data", "DDD.Infra.Data\DDD.Infra.Data.csproj", "{0EF4178B-95BE-41E1-B199-A04BE9AEE02C}"
EndProject
Project("{FAE04EC0-301F-11D3-BF4B-00C04F79EFBC}") = "DDD.Service", "DDD.Service\DDD.Service.csproj", "{020355AD-E223-421D-9D7F-7FBDDBAB59B0}"
EndProject
Global
	GlobalSection(SolutionConfigurationPlatforms) = preSolution
		Debug|Any CPU = Debug|Any CPU
		Debug|x64 = Debug|x64
		Debug|x86 = Debug|x86
		Release|Any CPU = Release|Any CPU
		Release|x64 = Release|x64
		Release|x86 = Release|x86
	EndGlobalSection
	GlobalSection(SolutionProperties) = preSolution
		HideSolutionNode = FALSE
	EndGlobalSection
	GlobalSection(ProjectConfigurationPlatforms) = postSolution
		{B26A6D8B-F20F-49BE-A3DE-C75CD3FC7486}.Debug|Any CPU.ActiveCfg = Debug|Any CPU
		{B26A6D8B-F20F-49BE-A3DE-C75CD3FC7486}.Debug|Any CPU.Build.0 = Debug|Any CPU
		{B26A6D8B-F20F-49BE-A3DE-C75CD3FC7486}.Debug|x64.ActiveCfg = Debug|Any CPU
		{B26A6D8B-F20F-49BE-A3DE-C75CD3FC7486}.Debug|x64.Build.0 = Debug|Any CPU
		{B26A6D8B-F20F-49BE-A3DE-C75CD3FC7486}.Debug|x86.ActiveCfg = Debug|Any CPU
		{B26A6D8B-F20F-49BE-A3DE-C75CD3FC7486}.Debug|x86.Build.0 = Debug|Any CPU
		{B26A6D8B-F20F-49BE-A3DE-C75CD3FC7486}.Release|Any CPU.ActiveCfg = Release|Any CPU
		{B26A6D8B-F20F-49BE-A3DE-C75CD3FC7486}.Release|Any CPU.Build.0 = Release|Any CPU
		{B26A6D8B-F20F-49BE-A3DE-C75CD3FC7486}.Release|x64.ActiveCfg = Release|Any CPU
		{B26A6D8B-F20F-49BE-A3DE-C75CD3FC7486}.Release|x64.Build.0 = Release|Any CPU
		{B26A6D8B-F20F-49BE-A3DE-C75CD3FC7486}.Release|x86.ActiveCfg = Release|Any CPU
		{B26A6D8B-F20F-49BE-A3DE-C75CD3FC7486}.Release|x86.Build.0 = Release|Any CPU
		{218A9437-2458-45FC-AD1D-816F1B5DAD66}.Debug|Any CPU.ActiveCfg = Debug|Any CPU
		{218A9437-2458-45FC-AD1D-816F1B5DAD66}.Debug|Any CPU.Build.0 = Debug|Any CPU
		{218A9437-2458-45FC-AD1D-816F1B5DAD66}.Debug|x64.ActiveCfg = Debug|Any CPU
		{218A9437-2458-45FC-AD1D-816F1B5DAD66}.Debug|x64.Build.0 = Debug|Any CPU
		{218A9437-2458-45FC-AD1D-816F1B5DAD66}.Debug|x86.ActiveCfg = Debug|Any CPU
		{218A9437-2458-45FC-AD1D-816F1B5DAD66}.Debug|x86.Build.0 = Debug|Any CPU
		{218A9437-2458-45FC-AD1D-816F1B5DAD66}.Release|Any CPU.ActiveCfg = Release|Any CPU
		{218A9437-2458-45FC-AD1D-816F1B5DAD66}.Release|Any CPU.Build.0 = Release|Any CPU
		{218A9437-2458-45FC-AD1D-816F1B5DAD66}.Release|x64.ActiveCfg = Release|Any CPU
		{218A9437-2458-45FC-AD1D-816F1B5DAD66}.Release|x64.Build.0 = Release|Any CPU
		{218A9437-2458-45FC-AD1D-816F1B5DAD66}.Release|x86.ActiveCfg = Release|Any CPU
		{218A9437-2458-45FC-AD1D-816F1B5DAD66}.Release|x86.Build.0 = Release|Any CPU
		{0EF4178B-95BE-41E1-B199-A04BE9AEE02C}.Debug|Any CPU.ActiveCfg = Debug|Any CPU
		{0EF4178B-95BE-41E1-B199-A04BE9AEE02C}.Debug|Any CPU.Build.0 = Debug|Any CPU
		{0EF4178B-95BE-41E1-B199-A04BE9AEE02C}.Debug|x64.ActiveCfg = Debug|Any CPU
		{0EF4178B-95BE-41E1-B199-A04BE9AEE02C}.Debug|x64.Build.0 = Debug|Any CPU
		{0EF4178B-95BE-41E1-B199-A04BE9AEE02C}.Debug|x86.ActiveCfg = Debug|Any CPU
		{0EF4178B-95BE-41E1-B199-A04BE9AEE02C}.Debug|x86.Build.0 = Debug|Any CPU
		{0EF4178B-95BE-41E1-B199-A04BE9AEE02C}.Release|Any CPU.ActiveCfg = Release|Any CPU
		{0EF4178B-95BE-41E1-B199-A04BE9AEE02C}.Release|Any CPU.Build.0 = Release|Any CPU
		{0EF4178B-95BE-41E1-B199-A04BE9AEE02C}.Release|x64.ActiveCfg = Release|Any CPU
		{0EF4178B-95BE-41E1-B199-A04BE9AEE02C}.Release|x64.Build.0 = Release|Any CPU
		{0EF4178B-95BE-41E1-B199-A04BE9AEE02C}.Release|x86.ActiveCfg = Release|Any CPU
		{0EF4178B-95BE-41E1-B199-A04BE9AEE02C}.Release|x86.Build.0 = Release|Any CPU
		{020355AD-E223-421D-9D7F-7FBDDBAB59B0}.Debug|Any CPU.ActiveCfg = Debug|Any CPU
		{020355AD-E223-421D-9D7F-7FBDDBAB59B0}.Debug|Any CPU.Build.0 = Debug|Any CPU
		{020355AD-E223-421D-9D7F-7FBDDBAB59B0}.Debug|x64.ActiveCfg = Debug|Any CPU
		{020355AD-E223-421D-9D7F-7FBDDBAB59B0}.Debug|x64.Build.0 = Debug|Any CPU
		{020355AD-E223-421D-9D7F-7FBDDBAB59B0}.Debug|x86.ActiveCfg = Debug|Any CPU
		{020355AD-E223-421D-9D7F-7FBDDBAB59B0}.Debug|x86.Build.0 = Debug|Any CPU
		{020355AD-E223-421D-9D7F-7FBDDBAB59B0}.Release|Any CPU.ActiveCfg = Release|Any CPU
		{020355AD-E223-421D-9D7F-7FBDDBAB59B0}.Release|Any CPU.Build.0 = Release|Any CPU
		{020355AD-E223-421D-9D7F-7FBDDBAB59B0}.Release|x64.ActiveCfg = Release|Any CPU
		{020355AD-E223-421D-9D7F-7FBDDBAB59B0}.Release|x64.Build.0 = Release|Any CPU
		{020355AD-E223-421D-9D7F-7FBDDBAB59B0}.Release|x86.ActiveCfg = Release|Any CPU
		{020355AD-E223-421D-9D7F-7FBDDBAB59B0}.Release|x86.Build.0 = Release|Any CPU
	EndGlobalSection
EndGlobal
